# THIS IS AN AUTOGENERATED FILE. DO NOT EDIT THIS FILE DIRECTLY.
# yarn lockfile v1


"@noble/hashes@^1.2.0":
  version "1.5.0"
  resolved "https://registry.yarnpkg.com/@noble/hashes/-/hashes-1.5.0.tgz#abadc5ca20332db2b1b2aa3e496e9af1213570b0"
  integrity sha512-1j6kQFb7QRru7eKN3ZDvRcP13rugwdxZqCjbiAVZfIJwgj2A65UmT4TgARXGlXgnRkORLTDTrO19ZErt7+QXgA==

"@scure/base@^1.1.1":
  version "1.1.9"
  resolved "https://registry.yarnpkg.com/@scure/base/-/base-1.1.9.tgz#e5e142fbbfe251091f9c5f1dd4c834ac04c3dbd1"
  integrity sha512-8YKhl8GHiNI/pU2VMaofa2Tor7PJRAjwQLBBuilkJ9L5+13yVbC7JO/wS7piioAvPSwR3JKM1IJ/u4xQzbcXKg==

"@types/crypto-js@^4.2.2":
  version "4.2.2"
  resolved "https://registry.yarnpkg.com/@types/crypto-js/-/crypto-js-4.2.2.tgz#771c4a768d94eb5922cc202a3009558204df0cea"
  integrity sha512-sDOLlVbHhXpAUAL0YHDUUwDZf3iN4Bwi4W6a0W0b+QcAezUbRtH4FVb+9J4h+XFPW7l/gQ9F8qC7P+Ec4k8QVQ==

"@types/tiny-secp256k1@^2.0.1":
  version "2.0.1"
  resolved "https://registry.yarnpkg.com/@types/tiny-secp256k1/-/tiny-secp256k1-2.0.1.tgz#a2a1a1e8f377ac63419464c6ce05b8bec109c39c"
  integrity sha512-3UmSOVZR8nqCk50r/ODnT58+FutNzf1NpJHSW69Lc33ZDvOVciKHYOcBN/BXPzYWzWvM0GvHVnxv6HNHxOKXbg==
  dependencies:
    tiny-secp256k1 "*"

"@types/uuid@^10.0.0":
  version "10.0.0"
  resolved "https://registry.yarnpkg.com/@types/uuid/-/uuid-10.0.0.tgz#e9c07fe50da0f53dc24970cca94d619ff03f6f6d"
  integrity sha512-7gqG38EyHgyP1S+7+xomFtL+ZNHcKv6DwNaCZmJmo1vgMugyF3TCnXVg4t1uk89mLNwnLtnY3TpOpCOyp1/xHQ==

base-x@^5.0.0:
  version "5.0.0"
  resolved "https://registry.yarnpkg.com/base-x/-/base-x-5.0.0.tgz#6d835ceae379130e1a4cb846a70ac4746f28ea9b"
  integrity sha512-sMW3VGSX1QWVFA6l8U62MLKz29rRfpTlYdCqLdpLo1/Yd4zZwSbnUaDfciIAowAqvq7YFnWq9hrhdg1KYgc1lQ==

bip32@^5.0.0-rc.0:
  version "5.0.0-rc.0"
  resolved "https://registry.yarnpkg.com/bip32/-/bip32-5.0.0-rc.0.tgz#848b21541ccf8f35d6f2a6ad553368df70d705ed"
  integrity sha512-5hVFGrdCnF8GB1Lj2eEo4PRE7+jp+3xBLnfNjydivOkMvKmUKeJ9GG8uOy8prmWl3Oh154uzgfudR1FRkNBudA==
  dependencies:
    "@noble/hashes" "^1.2.0"
    "@scure/base" "^1.1.1"
    uint8array-tools "^0.0.8"
    valibot "^0.37.0"
    wif "^5.0.0"

bip39@^3.1.0:
  version "3.1.0"
  resolved "https://registry.yarnpkg.com/bip39/-/bip39-3.1.0.tgz#c55a418deaf48826a6ceb34ac55b3ee1577e18a3"
  integrity sha512-c9kiwdk45Do5GL0vJMe7tS95VjCii65mYAH7DfWl3uW8AVzXKQVUm64i3hzVybBDMp9r7j9iNxR85+ul8MdN/A==
  dependencies:
    "@noble/hashes" "^1.2.0"

bs58@^6.0.0:
  version "6.0.0"
  resolved "https://registry.yarnpkg.com/bs58/-/bs58-6.0.0.tgz#a2cda0130558535dd281a2f8697df79caaf425d8"
  integrity sha512-PD0wEnEYg6ijszw/u8s+iI3H17cTymlrwkKhDhPZq+Sokl3AU4htyBFTjAeNAlCCmg0f53g6ih3jATyCKftTfw==
  dependencies:
    base-x "^5.0.0"

bs58check@^4.0.0:
  version "4.0.0"
  resolved "https://registry.yarnpkg.com/bs58check/-/bs58check-4.0.0.tgz#46cda52a5713b7542dcb78ec2efdf78f5bf1d23c"
  integrity sha512-FsGDOnFg9aVI9erdriULkd/JjEWONV/lQE5aYziB5PoBsXRind56lh8doIZIc9X4HoxT5x4bLjMWN1/NB8Zp5g==
  dependencies:
    "@noble/hashes" "^1.2.0"
    bs58 "^6.0.0"

crypto-js@^4.2.0:
  version "4.2.0"
  resolved "https://registry.yarnpkg.com/crypto-js/-/crypto-js-4.2.0.tgz#4d931639ecdfd12ff80e8186dba6af2c2e856631"
  integrity sha512-KALDyEYgpY+Rlob/iriUtjV6d5Eq+Y191A5g4UqLAi8CyGP9N1+FdVbkc1SxKc2r4YAYqG8JzO2KGL+AizD70Q==

tiny-secp256k1@*, tiny-secp256k1@^2.2.3:
  version "2.2.3"
  resolved "https://registry.yarnpkg.com/tiny-secp256k1/-/tiny-secp256k1-2.2.3.tgz#fe1dde11a64fcee2091157d4b78bcb300feb9b65"
  integrity sha512-SGcL07SxcPN2nGKHTCvRMkQLYPSoeFcvArUSCYtjVARiFAWU44cCIqYS0mYAU6nY7XfvwURuTIGo2Omt3ZQr0Q==
  dependencies:
    uint8array-tools "0.0.7"

typescript@^5.6.2:
  version "5.6.2"
  resolved "https://registry.yarnpkg.com/typescript/-/typescript-5.6.2.tgz#d1de67b6bef77c41823f822df8f0b3bcff60a5a0"
  integrity sha512-NW8ByodCSNCwZeghjN3o+JX5OFH0Ojg6sadjEKY4huZ52TqbJTJnDo5+Tw98lSy63NZvi4n+ez5m2u5d4PkZyw==

uint8array-tools@0.0.7:
  version "0.0.7"
  resolved "https://registry.yarnpkg.com/uint8array-tools/-/uint8array-tools-0.0.7.tgz#a7a2bb5d8836eae2fade68c771454e6a438b390d"
  integrity sha512-vrrNZJiusLWoFWBqz5Y5KMCgP9W9hnjZHzZiZRT8oNAkq3d5Z5Oe76jAvVVSRh4U8GGR90N2X1dWtrhvx6L8UQ==

uint8array-tools@^0.0.8:
  version "0.0.8"
  resolved "https://registry.yarnpkg.com/uint8array-tools/-/uint8array-tools-0.0.8.tgz#712bab001f8347bd782f45bc47c76ffff32d1e0b"
  integrity sha512-xS6+s8e0Xbx++5/0L+yyexukU7pz//Yg6IHg3BKhXotg1JcYtgxVcUctQ0HxLByiJzpAkNFawz1Nz5Xadzo82g==

uuid@^10.0.0:
  version "10.0.0"
  resolved "https://registry.yarnpkg.com/uuid/-/uuid-10.0.0.tgz#5a95aa454e6e002725c79055fd42aaba30ca6294"
  integrity sha512-8XkAphELsDnEGrDxUOHB3RGvXz6TeuYSGEZBOjtTtPm2lwhGBjLgOzLHB63IUWfBpNucQjND6d3AOudO+H3RWQ==

valibot@^0.37.0:
  version "0.37.0"
  resolved "https://registry.yarnpkg.com/valibot/-/valibot-0.37.0.tgz#b71f597a581c716f6546a3b53cefd2829b559c55"
  integrity sha512-FQz52I8RXgFgOHym3XHYSREbNtkgSjF9prvMFH1nBsRyfL6SfCzoT1GuSDTlbsuPubM7/6Kbw0ZMQb8A+V+VsQ==

wif@^5.0.0:
  version "5.0.0"
  resolved "https://registry.yarnpkg.com/wif/-/wif-5.0.0.tgz#445e44b8f62e155144d1c970c01ca2ba3979cc3f"
  integrity sha512-iFzrC/9ne740qFbNjTZ2FciSRJlHIXoxqk/Y5EnE08QOXu1WjJyCCswwDTYbohAOEnlCtLaAAQBhyaLRFh2hMA==
  dependencies:
    bs58check "^4.0.0"
